
Microsoft Visual Studio Solution File, Format Version 12.00
# Visual Studio Version 17
VisualStudioVersion = 17.12.35527.113 d17.12
MinimumVisualStudioVersion = 10.0.40219.1
Project("{E24C65DC-7377-472B-9ABA-BC803B73C61A}") = "web_YGNK", ".", "{D076C380-B994-4B6C-B02B-EC16FC6384E3}"
	ProjectSection(WebsiteProperties) = preProject
		TargetFrameworkMoniker = ".NETFramework,Version%3Dv4.8"
		Debug.AspNetCompiler.VirtualPath = "/localhost_64527"
		Debug.AspNetCompiler.PhysicalPath = "..\web_YGNK\"
		Debug.AspNetCompiler.TargetPath = "PrecompiledWeb\localhost_64527\"
		Debug.AspNetCompiler.Updateable = "true"
		Debug.AspNetCompiler.ForceOverwrite = "true"
		Debug.AspNetCompiler.FixedNames = "false"
		Debug.AspNetCompiler.Debug = "True"
		Release.AspNetCompiler.VirtualPath = "/localhost_64527"
		Release.AspNetCompiler.PhysicalPath = "..\web_YGNK\"
		Release.AspNetCompiler.TargetPath = "PrecompiledWeb\localhost_64527\"
		Release.AspNetCompiler.Updateable = "true"
		Release.AspNetCompiler.ForceOverwrite = "true"
		Release.AspNetCompiler.FixedNames = "false"
		Release.AspNetCompiler.Debug = "False"
		VWDPort = "64527"
		SlnRelativePath = "..\web_YGNK\"
	EndProjectSection
EndProject
Global
	GlobalSection(SolutionConfigurationPlatforms) = preSolution
		Debug|Any CPU = Debug|Any CPU
	EndGlobalSection
	GlobalSection(ProjectConfigurationPlatforms) = postSolution
		{D076C380-B994-4B6C-B02B-EC16FC6384E3}.Debug|Any CPU.ActiveCfg = Debug|Any CPU
		{D076C380-B994-4B6C-B02B-EC16FC6384E3}.Debug|Any CPU.Build.0 = Debug|Any CPU
	EndGlobalSection
	GlobalSection(SolutionProperties) = preSolution
		HideSolutionNode = FALSE
	EndGlobalSection
EndGlobal
